
Microsoft Visual Studio Solution File, Format Version 12.00
# Visual Studio Version 16
VisualStudioVersion = 16.0.29613.14
MinimumVisualStudioVersion = 10.0.40219.1
Project("{9A19103F-16F7-4668-BE54-9A1E7A4F7556}") = "Game", "Game\Game.csproj", "{57400145-96F1-4D7A-9F8A-478BA4DB7707}"
EndProject
Project("{9A19103F-16F7-4668-BE54-9A1E7A4F7556}") = "Experiments", "Experiments\Experiments.csproj", "{48BE2B9C-048A-419C-BD73-FE30DC7A1142}"
EndProject
Project("{888888A0-9F3D-457C-B088-3A5042F75D52}") = "AICore", "AICore\AICore.pyproj", "{D4B903CD-280C-4DE5-888D-C8BC50961714}"
EndProject
Project("{9A19103F-16F7-4668-BE54-9A1E7A4F7556}") = "Desktop", "Desktop\Desktop.csproj", "{D2D5888F-793E-407A-A953-D4F89356BAC3}"
EndProject
Global
	GlobalSection(SolutionConfigurationPlatforms) = preSolution
		Debug|Any CPU = Debug|Any CPU
		Release|Any CPU = Release|Any CPU
	EndGlobalSection
	GlobalSection(ProjectConfigurationPlatforms) = postSolution
		{57400145-96F1-4D7A-9F8A-478BA4DB7707}.Debug|Any CPU.ActiveCfg = Debug|Any CPU
		{57400145-96F1-4D7A-9F8A-478BA4DB7707}.Debug|Any CPU.Build.0 = Debug|Any CPU
		{57400145-96F1-4D7A-9F8A-478BA4DB7707}.Release|Any CPU.ActiveCfg = Release|Any CPU
		{57400145-96F1-4D7A-9F8A-478BA4DB7707}.Release|Any CPU.Build.0 = Release|Any CPU
		{48BE2B9C-048A-419C-BD73-FE30DC7A1142}.Debug|Any CPU.ActiveCfg = Debug|Any CPU
		{48BE2B9C-048A-419C-BD73-FE30DC7A1142}.Debug|Any CPU.Build.0 = Debug|Any CPU
		{48BE2B9C-048A-419C-BD73-FE30DC7A1142}.Release|Any CPU.ActiveCfg = Release|Any CPU
		{48BE2B9C-048A-419C-BD73-FE30DC7A1142}.Release|Any CPU.Build.0 = Release|Any CPU
		{D4B903CD-280C-4DE5-888D-C8BC50961714}.Debug|Any CPU.ActiveCfg = Debug|Any CPU
		{D4B903CD-280C-4DE5-888D-C8BC50961714}.Release|Any CPU.ActiveCfg = Release|Any CPU
		{D2D5888F-793E-407A-A953-D4F89356BAC3}.Debug|Any CPU.ActiveCfg = Debug|Any CPU
		{D2D5888F-793E-407A-A953-D4F89356BAC3}.Debug|Any CPU.Build.0 = Debug|Any CPU
		{D2D5888F-793E-407A-A953-D4F89356BAC3}.Release|Any CPU.ActiveCfg = Release|Any CPU
		{D2D5888F-793E-407A-A953-D4F89356BAC3}.Release|Any CPU.Build.0 = Release|Any CPU
	EndGlobalSection
	GlobalSection(SolutionProperties) = preSolution
		HideSolutionNode = FALSE
	EndGlobalSection
	GlobalSection(ExtensibilityGlobals) = postSolution
		SolutionGuid = {A83F5712-91E4-4F6B-BF01-14299B29354C}
	EndGlobalSection
EndGlobal
