
Microsoft Visual Studio Solution File, Format Version 12.00
# Visual Studio 15
VisualStudioVersion = 15.0.27703.2042
MinimumVisualStudioVersion = 10.0.40219.1
Project("{9A19103F-16F7-4668-BE54-9A1E7A4F7556}") = "Game", "Game\Game.csproj", "{57400145-96F1-4D7A-9F8A-478BA4DB7707}"
EndProject
Project("{9A19103F-16F7-4668-BE54-9A1E7A4F7556}") = "CLI", "CLI\CLI.csproj", "{2A60F13F-13B3-4EDF-9030-39FDB11C6515}"
EndProject
Project("{9A19103F-16F7-4668-BE54-9A1E7A4F7556}") = "PythonCLI", "PythonCLI\PythonCLI.csproj", "{48BE2B9C-048A-419C-BD73-FE30DC7A1142}"
EndProject
Project("{888888A0-9F3D-457C-B088-3A5042F75D52}") = "SimpleIntelligence", "SimpleIntelligence\SimpleIntelligence.pyproj", "{EF27C924-2FA8-4A14-831C-CBFE030B2760}"
EndProject
Project("{888888A0-9F3D-457C-B088-3A5042F75D52}") = "GreedySimpleIntelligence", "GreedySimpleIntelligence\GreedySimpleIntelligence.pyproj", "{513DABB5-AFC4-46EA-88D0-70EEAB95E044}"
EndProject
Project("{FAE04EC0-301F-11D3-BF4B-00C04F79EFBC}") = "Server", "Server\Server.csproj", "{EDAD1F3D-8F31-4D36-A5EC-8F171FCCF457}"
EndProject
Project("{FAE04EC0-301F-11D3-BF4B-00C04F79EFBC}") = "SampleWebClient", "SampleWebClient\SampleWebClient.csproj", "{3B07E60E-5AED-4B9B-9F39-77EFB168215A}"
EndProject
Global
	GlobalSection(SolutionConfigurationPlatforms) = preSolution
		Debug|Any CPU = Debug|Any CPU
		Release|Any CPU = Release|Any CPU
	EndGlobalSection
	GlobalSection(ProjectConfigurationPlatforms) = postSolution
		{57400145-96F1-4D7A-9F8A-478BA4DB7707}.Debug|Any CPU.ActiveCfg = Debug|Any CPU
		{57400145-96F1-4D7A-9F8A-478BA4DB7707}.Debug|Any CPU.Build.0 = Debug|Any CPU
		{57400145-96F1-4D7A-9F8A-478BA4DB7707}.Release|Any CPU.ActiveCfg = Release|Any CPU
		{57400145-96F1-4D7A-9F8A-478BA4DB7707}.Release|Any CPU.Build.0 = Release|Any CPU
		{2A60F13F-13B3-4EDF-9030-39FDB11C6515}.Debug|Any CPU.ActiveCfg = Debug|Any CPU
		{2A60F13F-13B3-4EDF-9030-39FDB11C6515}.Debug|Any CPU.Build.0 = Debug|Any CPU
		{2A60F13F-13B3-4EDF-9030-39FDB11C6515}.Release|Any CPU.ActiveCfg = Release|Any CPU
		{2A60F13F-13B3-4EDF-9030-39FDB11C6515}.Release|Any CPU.Build.0 = Release|Any CPU
		{48BE2B9C-048A-419C-BD73-FE30DC7A1142}.Debug|Any CPU.ActiveCfg = Debug|Any CPU
		{48BE2B9C-048A-419C-BD73-FE30DC7A1142}.Debug|Any CPU.Build.0 = Debug|Any CPU
		{48BE2B9C-048A-419C-BD73-FE30DC7A1142}.Release|Any CPU.ActiveCfg = Release|Any CPU
		{48BE2B9C-048A-419C-BD73-FE30DC7A1142}.Release|Any CPU.Build.0 = Release|Any CPU
		{EF27C924-2FA8-4A14-831C-CBFE030B2760}.Debug|Any CPU.ActiveCfg = Debug|Any CPU
		{EF27C924-2FA8-4A14-831C-CBFE030B2760}.Release|Any CPU.ActiveCfg = Release|Any CPU
		{513DABB5-AFC4-46EA-88D0-70EEAB95E044}.Debug|Any CPU.ActiveCfg = Debug|Any CPU
		{513DABB5-AFC4-46EA-88D0-70EEAB95E044}.Release|Any CPU.ActiveCfg = Release|Any CPU
		{EDAD1F3D-8F31-4D36-A5EC-8F171FCCF457}.Debug|Any CPU.ActiveCfg = Debug|Any CPU
		{EDAD1F3D-8F31-4D36-A5EC-8F171FCCF457}.Debug|Any CPU.Build.0 = Debug|Any CPU
		{EDAD1F3D-8F31-4D36-A5EC-8F171FCCF457}.Release|Any CPU.ActiveCfg = Release|Any CPU
		{EDAD1F3D-8F31-4D36-A5EC-8F171FCCF457}.Release|Any CPU.Build.0 = Release|Any CPU
		{3B07E60E-5AED-4B9B-9F39-77EFB168215A}.Debug|Any CPU.ActiveCfg = Debug|Any CPU
		{3B07E60E-5AED-4B9B-9F39-77EFB168215A}.Debug|Any CPU.Build.0 = Debug|Any CPU
		{3B07E60E-5AED-4B9B-9F39-77EFB168215A}.Release|Any CPU.ActiveCfg = Release|Any CPU
		{3B07E60E-5AED-4B9B-9F39-77EFB168215A}.Release|Any CPU.Build.0 = Release|Any CPU
	EndGlobalSection
	GlobalSection(SolutionProperties) = preSolution
		HideSolutionNode = FALSE
	EndGlobalSection
	GlobalSection(ExtensibilityGlobals) = postSolution
		SolutionGuid = {A83F5712-91E4-4F6B-BF01-14299B29354C}
	EndGlobalSection
EndGlobal
